
Microsoft Visual Studio Solution File, Format Version 12.00
# Visual Studio 15
VisualStudioVersion = 15.0.27130.2003
MinimumVisualStudioVersion = 10.0.40219.1
Project("{8BC9CEB8-8B4A-11D0-8D11-00A0C91BC942}") = "ethminer", "ethminer\ethminer.vcxproj", "{CE472857-3FDE-4D34-80B9-5E509661DF85}"
	ProjectSection(ProjectDependencies) = postProject
		{28391417-F1A9-49E2-87D7-F375570F55A6} = {28391417-F1A9-49E2-87D7-F375570F55A6}
		{712C296F-FFD6-4063-A276-A8CE8B8143C1} = {712C296F-FFD6-4063-A276-A8CE8B8143C1}
		{91BD627B-E8EE-4A22-8A8F-A3F1B4E453A5} = {91BD627B-E8EE-4A22-8A8F-A3F1B4E453A5}
		{D016D0A6-2E60-4BEC-82C3-03D29E82F0B0} = {D016D0A6-2E60-4BEC-82C3-03D29E82F0B0}
		{78BDA9CA-406B-49EB-BF49-9141085673DD} = {78BDA9CA-406B-49EB-BF49-9141085673DD}
		{5006DDD1-F36F-4434-8BEE-0EA57D493874} = {5006DDD1-F36F-4434-8BEE-0EA57D493874}
	EndProjectSection
EndProject
Project("{8BC9CEB8-8B4A-11D0-8D11-00A0C91BC942}") = "libdevcore", "libdevcore\libdevcore.vcxproj", "{28391417-F1A9-49E2-87D7-F375570F55A6}"
EndProject
Project("{8BC9CEB8-8B4A-11D0-8D11-00A0C91BC942}") = "libethash", "libethash\libethash.vcxproj", "{712C296F-FFD6-4063-A276-A8CE8B8143C1}"
EndProject
Project("{8BC9CEB8-8B4A-11D0-8D11-00A0C91BC942}") = "libethash-cuda", "libethash-cuda\libethash-cuda.vcxproj", "{91BD627B-E8EE-4A22-8A8F-A3F1B4E453A5}"
EndProject
Project("{8BC9CEB8-8B4A-11D0-8D11-00A0C91BC942}") = "libethcore", "libethcore\libethcore.vcxproj", "{5006DDD1-F36F-4434-8BEE-0EA57D493874}"
EndProject
Project("{8BC9CEB8-8B4A-11D0-8D11-00A0C91BC942}") = "libpoolprotocols", "libpoolprotocols\libpoolprotocols.vcxproj", "{D016D0A6-2E60-4BEC-82C3-03D29E82F0B0}"
	ProjectSection(ProjectDependencies) = postProject
		{28391417-F1A9-49E2-87D7-F375570F55A6} = {28391417-F1A9-49E2-87D7-F375570F55A6}
		{712C296F-FFD6-4063-A276-A8CE8B8143C1} = {712C296F-FFD6-4063-A276-A8CE8B8143C1}
		{A7F19D82-91DF-410E-9B58-8657A1A67C05} = {A7F19D82-91DF-410E-9B58-8657A1A67C05}
	EndProjectSection
EndProject
Project("{8BC9CEB8-8B4A-11D0-8D11-00A0C91BC942}") = "libhwmon", "libhwmon\libhwmon.vcxproj", "{78BDA9CA-406B-49EB-BF49-9141085673DD}"
EndProject
Project("{FAE04EC0-301F-11D3-BF4B-00C04F79EFBC}") = "GetWorkClient", "GetWorkClient\GetWorkClient.csproj", "{A7F19D82-91DF-410E-9B58-8657A1A67C05}"
EndProject
Global
	GlobalSection(SolutionConfigurationPlatforms) = preSolution
		Debug|Any CPU = Debug|Any CPU
		Debug|x64 = Debug|x64
		Debug|x86 = Debug|x86
		Release|Any CPU = Release|Any CPU
		Release|x64 = Release|x64
		Release|x86 = Release|x86
	EndGlobalSection
	GlobalSection(ProjectConfigurationPlatforms) = postSolution
		{CE472857-3FDE-4D34-80B9-5E509661DF85}.Debug|Any CPU.ActiveCfg = Debug|x64
		{CE472857-3FDE-4D34-80B9-5E509661DF85}.Debug|Any CPU.Build.0 = Debug|x64
		{CE472857-3FDE-4D34-80B9-5E509661DF85}.Debug|x64.ActiveCfg = Debug|x64
		{CE472857-3FDE-4D34-80B9-5E509661DF85}.Debug|x64.Build.0 = Debug|x64
		{CE472857-3FDE-4D34-80B9-5E509661DF85}.Debug|x86.ActiveCfg = Debug|Win32
		{CE472857-3FDE-4D34-80B9-5E509661DF85}.Debug|x86.Build.0 = Debug|Win32
		{CE472857-3FDE-4D34-80B9-5E509661DF85}.Release|Any CPU.ActiveCfg = Release|x64
		{CE472857-3FDE-4D34-80B9-5E509661DF85}.Release|Any CPU.Build.0 = Release|x64
		{CE472857-3FDE-4D34-80B9-5E509661DF85}.Release|x64.ActiveCfg = Release|x64
		{CE472857-3FDE-4D34-80B9-5E509661DF85}.Release|x64.Build.0 = Release|x64
		{CE472857-3FDE-4D34-80B9-5E509661DF85}.Release|x86.ActiveCfg = Release|Win32
		{CE472857-3FDE-4D34-80B9-5E509661DF85}.Release|x86.Build.0 = Release|Win32
		{28391417-F1A9-49E2-87D7-F375570F55A6}.Debug|Any CPU.ActiveCfg = Debug|x64
		{28391417-F1A9-49E2-87D7-F375570F55A6}.Debug|Any CPU.Build.0 = Debug|x64
		{28391417-F1A9-49E2-87D7-F375570F55A6}.Debug|x64.ActiveCfg = Debug|x64
		{28391417-F1A9-49E2-87D7-F375570F55A6}.Debug|x64.Build.0 = Debug|x64
		{28391417-F1A9-49E2-87D7-F375570F55A6}.Debug|x86.ActiveCfg = Debug|Win32
		{28391417-F1A9-49E2-87D7-F375570F55A6}.Debug|x86.Build.0 = Debug|Win32
		{28391417-F1A9-49E2-87D7-F375570F55A6}.Release|Any CPU.ActiveCfg = Release|x64
		{28391417-F1A9-49E2-87D7-F375570F55A6}.Release|Any CPU.Build.0 = Release|x64
		{28391417-F1A9-49E2-87D7-F375570F55A6}.Release|x64.ActiveCfg = Release|x64
		{28391417-F1A9-49E2-87D7-F375570F55A6}.Release|x64.Build.0 = Release|x64
		{28391417-F1A9-49E2-87D7-F375570F55A6}.Release|x86.ActiveCfg = Release|Win32
		{28391417-F1A9-49E2-87D7-F375570F55A6}.Release|x86.Build.0 = Release|Win32
		{712C296F-FFD6-4063-A276-A8CE8B8143C1}.Debug|Any CPU.ActiveCfg = Debug|x64
		{712C296F-FFD6-4063-A276-A8CE8B8143C1}.Debug|Any CPU.Build.0 = Debug|x64
		{712C296F-FFD6-4063-A276-A8CE8B8143C1}.Debug|x64.ActiveCfg = Debug|x64
		{712C296F-FFD6-4063-A276-A8CE8B8143C1}.Debug|x64.Build.0 = Debug|x64
		{712C296F-FFD6-4063-A276-A8CE8B8143C1}.Debug|x86.ActiveCfg = Debug|Win32
		{712C296F-FFD6-4063-A276-A8CE8B8143C1}.Debug|x86.Build.0 = Debug|Win32
		{712C296F-FFD6-4063-A276-A8CE8B8143C1}.Release|Any CPU.ActiveCfg = Release|x64
		{712C296F-FFD6-4063-A276-A8CE8B8143C1}.Release|Any CPU.Build.0 = Release|x64
		{712C296F-FFD6-4063-A276-A8CE8B8143C1}.Release|x64.ActiveCfg = Release|x64
		{712C296F-FFD6-4063-A276-A8CE8B8143C1}.Release|x64.Build.0 = Release|x64
		{712C296F-FFD6-4063-A276-A8CE8B8143C1}.Release|x86.ActiveCfg = Release|Win32
		{712C296F-FFD6-4063-A276-A8CE8B8143C1}.Release|x86.Build.0 = Release|Win32
		{91BD627B-E8EE-4A22-8A8F-A3F1B4E453A5}.Debug|Any CPU.ActiveCfg = Debug|x64
		{91BD627B-E8EE-4A22-8A8F-A3F1B4E453A5}.Debug|Any CPU.Build.0 = Debug|x64
		{91BD627B-E8EE-4A22-8A8F-A3F1B4E453A5}.Debug|x64.ActiveCfg = Debug|x64
		{91BD627B-E8EE-4A22-8A8F-A3F1B4E453A5}.Debug|x64.Build.0 = Debug|x64
		{91BD627B-E8EE-4A22-8A8F-A3F1B4E453A5}.Debug|x86.ActiveCfg = Debug|x64
		{91BD627B-E8EE-4A22-8A8F-A3F1B4E453A5}.Release|Any CPU.ActiveCfg = Release|x64
		{91BD627B-E8EE-4A22-8A8F-A3F1B4E453A5}.Release|Any CPU.Build.0 = Release|x64
		{91BD627B-E8EE-4A22-8A8F-A3F1B4E453A5}.Release|x64.ActiveCfg = Release|x64
		{91BD627B-E8EE-4A22-8A8F-A3F1B4E453A5}.Release|x64.Build.0 = Release|x64
		{91BD627B-E8EE-4A22-8A8F-A3F1B4E453A5}.Release|x86.ActiveCfg = Release|x64
		{5006DDD1-F36F-4434-8BEE-0EA57D493874}.Debug|Any CPU.ActiveCfg = Debug|x64
		{5006DDD1-F36F-4434-8BEE-0EA57D493874}.Debug|Any CPU.Build.0 = Debug|x64
		{5006DDD1-F36F-4434-8BEE-0EA57D493874}.Debug|x64.ActiveCfg = Debug|x64
		{5006DDD1-F36F-4434-8BEE-0EA57D493874}.Debug|x64.Build.0 = Debug|x64
		{5006DDD1-F36F-4434-8BEE-0EA57D493874}.Debug|x86.ActiveCfg = Debug|Win32
		{5006DDD1-F36F-4434-8BEE-0EA57D493874}.Debug|x86.Build.0 = Debug|Win32
		{5006DDD1-F36F-4434-8BEE-0EA57D493874}.Release|Any CPU.ActiveCfg = Release|x64
		{5006DDD1-F36F-4434-8BEE-0EA57D493874}.Release|Any CPU.Build.0 = Release|x64
		{5006DDD1-F36F-4434-8BEE-0EA57D493874}.Release|x64.ActiveCfg = Release|x64
		{5006DDD1-F36F-4434-8BEE-0EA57D493874}.Release|x64.Build.0 = Release|x64
		{5006DDD1-F36F-4434-8BEE-0EA57D493874}.Release|x86.ActiveCfg = Release|Win32
		{5006DDD1-F36F-4434-8BEE-0EA57D493874}.Release|x86.Build.0 = Release|Win32
		{D016D0A6-2E60-4BEC-82C3-03D29E82F0B0}.Debug|Any CPU.ActiveCfg = Debug|x64
		{D016D0A6-2E60-4BEC-82C3-03D29E82F0B0}.Debug|Any CPU.Build.0 = Debug|x64
		{D016D0A6-2E60-4BEC-82C3-03D29E82F0B0}.Debug|x64.ActiveCfg = Debug|x64
		{D016D0A6-2E60-4BEC-82C3-03D29E82F0B0}.Debug|x64.Build.0 = Debug|x64
		{D016D0A6-2E60-4BEC-82C3-03D29E82F0B0}.Debug|x86.ActiveCfg = Debug|Win32
		{D016D0A6-2E60-4BEC-82C3-03D29E82F0B0}.Debug|x86.Build.0 = Debug|Win32
		{D016D0A6-2E60-4BEC-82C3-03D29E82F0B0}.Release|Any CPU.ActiveCfg = Release|x64
		{D016D0A6-2E60-4BEC-82C3-03D29E82F0B0}.Release|Any CPU.Build.0 = Release|x64
		{D016D0A6-2E60-4BEC-82C3-03D29E82F0B0}.Release|x64.ActiveCfg = Release|x64
		{D016D0A6-2E60-4BEC-82C3-03D29E82F0B0}.Release|x64.Build.0 = Release|x64
		{D016D0A6-2E60-4BEC-82C3-03D29E82F0B0}.Release|x86.ActiveCfg = Release|Win32
		{D016D0A6-2E60-4BEC-82C3-03D29E82F0B0}.Release|x86.Build.0 = Release|Win32
		{78BDA9CA-406B-49EB-BF49-9141085673DD}.Debug|Any CPU.ActiveCfg = Debug|Win32
		{78BDA9CA-406B-49EB-BF49-9141085673DD}.Debug|x64.ActiveCfg = Debug|x64
		{78BDA9CA-406B-49EB-BF49-9141085673DD}.Debug|x64.Build.0 = Debug|x64
		{78BDA9CA-406B-49EB-BF49-9141085673DD}.Debug|x86.ActiveCfg = Debug|Win32
		{78BDA9CA-406B-49EB-BF49-9141085673DD}.Debug|x86.Build.0 = Debug|Win32
		{78BDA9CA-406B-49EB-BF49-9141085673DD}.Release|Any CPU.ActiveCfg = Release|Win32
		{78BDA9CA-406B-49EB-BF49-9141085673DD}.Release|x64.ActiveCfg = Release|x64
		{78BDA9CA-406B-49EB-BF49-9141085673DD}.Release|x64.Build.0 = Release|x64
		{78BDA9CA-406B-49EB-BF49-9141085673DD}.Release|x86.ActiveCfg = Release|Win32
		{78BDA9CA-406B-49EB-BF49-9141085673DD}.Release|x86.Build.0 = Release|Win32
		{A7F19D82-91DF-410E-9B58-8657A1A67C05}.Debug|Any CPU.ActiveCfg = Debug|Any CPU
		{A7F19D82-91DF-410E-9B58-8657A1A67C05}.Debug|Any CPU.Build.0 = Debug|Any CPU
		{A7F19D82-91DF-410E-9B58-8657A1A67C05}.Debug|x64.ActiveCfg = Debug|x64
		{A7F19D82-91DF-410E-9B58-8657A1A67C05}.Debug|x64.Build.0 = Debug|x64
		{A7F19D82-91DF-410E-9B58-8657A1A67C05}.Debug|x86.ActiveCfg = Debug|x86
		{A7F19D82-91DF-410E-9B58-8657A1A67C05}.Debug|x86.Build.0 = Debug|x86
		{A7F19D82-91DF-410E-9B58-8657A1A67C05}.Release|Any CPU.ActiveCfg = Release|Any CPU
		{A7F19D82-91DF-410E-9B58-8657A1A67C05}.Release|Any CPU.Build.0 = Release|Any CPU
		{A7F19D82-91DF-410E-9B58-8657A1A67C05}.Release|x64.ActiveCfg = Release|x64
		{A7F19D82-91DF-410E-9B58-8657A1A67C05}.Release|x64.Build.0 = Release|x64
		{A7F19D82-91DF-410E-9B58-8657A1A67C05}.Release|x86.ActiveCfg = Release|x86
		{A7F19D82-91DF-410E-9B58-8657A1A67C05}.Release|x86.Build.0 = Release|x86
	EndGlobalSection
	GlobalSection(SolutionProperties) = preSolution
		HideSolutionNode = FALSE
	EndGlobalSection
	GlobalSection(ExtensibilityGlobals) = postSolution
		SolutionGuid = {E694AF75-1EF6-4B5F-A01A-A4EFB1A1E127}
	EndGlobalSection
EndGlobal
